
Microsoft Visual Studio Solution File, Format Version 12.00
# Visual Studio 15
VisualStudioVersion = 15.0.26730.8
MinimumVisualStudioVersion = 10.0.40219.1
Project("{FAE04EC0-301F-11D3-BF4B-00C04F79EFBC}") = "exporter", "exporter\exporter.csproj", "{32B3834F-C30A-44E8-8032-7040D0095203}"
EndProject
Global
	GlobalSection(SolutionConfigurationPlatforms) = preSolution
		Debug|Any CPU = Debug|Any CPU
		Release|Any CPU = Release|Any CPU
	EndGlobalSection
	GlobalSection(ProjectConfigurationPlatforms) = postSolution
		{32B3834F-C30A-44E8-8032-7040D0095203}.Debug|Any CPU.ActiveCfg = Debug|Any CPU
		{32B3834F-C30A-44E8-8032-7040D0095203}.Debug|Any CPU.Build.0 = Debug|Any CPU
		{32B3834F-C30A-44E8-8032-7040D0095203}.Release|Any CPU.ActiveCfg = Release|Any CPU
		{32B3834F-C30A-44E8-8032-7040D0095203}.Release|Any CPU.Build.0 = Release|Any CPU
	EndGlobalSection
	GlobalSection(SolutionProperties) = preSolution
		HideSolutionNode = FALSE
	EndGlobalSection
	GlobalSection(ExtensibilityGlobals) = postSolution
		SolutionGuid = {A2C15774-4FBF-4F65-A777-6835ADBADA0A}
	EndGlobalSection
EndGlobal
